
Microsoft Visual Studio Solution File, Format Version 12.00
# Visual Studio Version 16
VisualStudioVersion = 16.0.28407.52
MinimumVisualStudioVersion = 10.0.40219.1
Project("{FAE04EC0-301F-11D3-BF4B-00C04F79EFBC}") = "Butterfly.Windows.Server", "Butterfly.Windows.Server\Butterfly.Windows.Server.csproj", "{D0E1D70F-0053-40A2-9662-D812A0C5F345}"
EndProject
Project("{9A19103F-16F7-4668-BE54-9A1E7A4F7556}") = "Butterfly.MultiPlatform.Models", "Butterfly.Models\Butterfly.MultiPlatform.Models.csproj", "{5A4B66DF-7310-46C3-B755-D41A41F08A7E}"
EndProject
Project("{9A19103F-16F7-4668-BE54-9A1E7A4F7556}") = "Butterfly.MultiPlatform.Interfaces", "Butterfly.Interfaces\Butterfly.MultiPlatform.Interfaces.csproj", "{3708CF06-714B-40C4-BA4F-FD6A97C170FC}"
EndProject
Project("{FAE04EC0-301F-11D3-BF4B-00C04F79EFBC}") = "Butterfly.Windows.Server.Core", "Butterfly.Windows.Server.Core\Butterfly.Windows.Server.Core.csproj", "{12A00DDF-C15A-4F3C-8DFF-194CC713C8C8}"
EndProject
Project("{FAE04EC0-301F-11D3-BF4B-00C04F79EFBC}") = "Butterfly.Windows.Data", "Butterfly.Windows.Data\Butterfly.Windows.Data.csproj", "{100F24DE-7518-4D16-9398-48E44C540133}"
EndProject
Project("{FAE04EC0-301F-11D3-BF4B-00C04F79EFBC}") = "Butterfly.Windows.Services", "Butterfly.Windows.Services\Butterfly.Windows.Services.csproj", "{F6B8BB3C-81F8-4920-A3E2-1787A25E3336}"
EndProject
Project("{FAE04EC0-301F-11D3-BF4B-00C04F79EFBC}") = "Butterfly.Windows.Repositories", "Butterfly.Windows.Repositories\Butterfly.Windows.Repositories.csproj", "{11F8E72A-957A-47F9-87F9-895559B9F250}"
EndProject
Project("{FAE04EC0-301F-11D3-BF4B-00C04F79EFBC}") = "Butterfly.Windows.Maps", "Butterfly.Windows.Maps\Butterfly.Windows.Maps.csproj", "{B7D57AFD-E5DD-4737-8AB6-E4F5916DC358}"
EndProject
Project("{2150E333-8FDC-42A3-9474-1A3956D46DE8}") = "Windows", "Windows", "{E05E813A-4A10-4C6B-B76A-CBD5AF47CD1E}"
EndProject
Project("{2150E333-8FDC-42A3-9474-1A3956D46DE8}") = "Service", "Service", "{275B961A-B771-4C72-82A8-139EA1987CAE}"
EndProject
Project("{2150E333-8FDC-42A3-9474-1A3956D46DE8}") = "Multplatform", "Multplatform", "{44FD1D2C-2B33-4770-B48D-921BA3B9166B}"
EndProject
Project("{9A19103F-16F7-4668-BE54-9A1E7A4F7556}") = "Butterfly.MultiPlatform.ViewModels", "Butterfly.ViewModels\Butterfly.MultiPlatform.ViewModels.csproj", "{14E2B5B0-18E7-40EF-9D0D-4A4D585EC009}"
EndProject
Project("{9A19103F-16F7-4668-BE54-9A1E7A4F7556}") = "Butterfly.MultiPlatform.Common", "Butterfly.MultiPlatform.Common\Butterfly.MultiPlatform.Common.csproj", "{10380352-D23E-4969-B731-DFFADD577B2B}"
EndProject
Project("{9A19103F-16F7-4668-BE54-9A1E7A4F7556}") = "Networker", "Networker\Networker.csproj", "{DBAEFB66-9FAB-491B-A65A-6586A509A6C4}"
EndProject
Project("{9A19103F-16F7-4668-BE54-9A1E7A4F7556}") = "Networker.Pipelines", "Networker.Pipelines\Networker.Pipelines.csproj", "{1F5D97B1-1772-4BD7-BD83-0D7DDA13E0B5}"
EndProject
Project("{9A19103F-16F7-4668-BE54-9A1E7A4F7556}") = "Networker.Formatter.ZeroFormatter", "Networker.ZeroFormatter\Networker.Formatter.ZeroFormatter.csproj", "{7870D078-AA4B-4941-B41C-81A643AA0DDA}"
EndProject
Project("{9A19103F-16F7-4668-BE54-9A1E7A4F7556}") = "Networker.Formatter.ProtobufNet", "Networker.Formatter.ProtobufNet\Networker.Formatter.ProtobufNet.csproj", "{F8DB73F0-93F0-4C79-A5C5-EFC4F16DDDBE}"
EndProject
Project("{FAE04EC0-301F-11D3-BF4B-00C04F79EFBC}") = "Butterfly.Windows.Handlers", "Butterfly.Windows.Server.Handlers\Butterfly.Windows.Handlers.csproj", "{CDFE628E-F284-4874-811B-C469345766C0}"
EndProject
Project("{9A19103F-16F7-4668-BE54-9A1E7A4F7556}") = "Butterfly.MultiPlatform.Packets", "Butterfly.MultiPlatform.Packets\Butterfly.MultiPlatform.Packets.csproj", "{C848122E-BD0C-4991-BD5F-1A5F16303F8D}"
EndProject
Project("{FAE04EC0-301F-11D3-BF4B-00C04F79EFBC}") = "Butterfly.Windows.Modules", "Butterfly.Windows.Modules\Butterfly.Windows.Modules.csproj", "{137CF6D2-745E-471A-B187-3FDCCA289251}"
EndProject
Project("{2150E333-8FDC-42A3-9474-1A3956D46DE8}") = "Xamarin", "Xamarin", "{559DEA43-19E9-4229-9FDE-48B480950363}"
EndProject
Project("{FAE04EC0-301F-11D3-BF4B-00C04F79EFBC}") = "Butterfly.Xamarin.Android", "Butterfly.Xamarin\Butterfly.Xamarin.Android\Butterfly.Xamarin.Android.csproj", "{1DAAD28F-5E1B-4544-9B11-183ED9FFD19D}"
EndProject
Project("{FAE04EC0-301F-11D3-BF4B-00C04F79EFBC}") = "Butterfly.Xamarin.iOS", "Butterfly.Xamarin\Butterfly.Xamarin.iOS\Butterfly.Xamarin.iOS.csproj", "{FD651AB0-952E-4E97-B9B8-35224087441B}"
EndProject
Project("{9A19103F-16F7-4668-BE54-9A1E7A4F7556}") = "Butterfly.Xamarin", "Butterfly.Xamarin\Butterfly.Xamarin\Butterfly.Xamarin.csproj", "{2EC1AC32-23BE-489B-8E71-7C81F7A0DCB7}"
EndProject
Project("{9A19103F-16F7-4668-BE54-9A1E7A4F7556}") = "Butterfly.MultiPlatform.Handlers", "Butterfly.MultiPlatform.Handlers\Butterfly.MultiPlatform.Handlers.csproj", "{C2DFDB67-5284-4E1A-89F0-B4D38EAB270F}"
EndProject
Project("{9A19103F-16F7-4668-BE54-9A1E7A4F7556}") = "Butterfly.MultiPlatform.Modules", "Butterfly.MultiPlatform.Modules\Butterfly.MultiPlatform.Modules.csproj", "{794D5C4D-2D16-44BE-B464-DE9F463DDEA7}"
EndProject
Project("{2150E333-8FDC-42A3-9474-1A3956D46DE8}") = "Network", "Network", "{6C011AB5-C78D-4318-AD4B-729871D7AECC}"
EndProject
Project("{9A19103F-16F7-4668-BE54-9A1E7A4F7556}") = "Butterfly.MultiPlatform.Queues", "Butterfly.MultiPlatform.Queues\Butterfly.MultiPlatform.Queues.csproj", "{C06E9464-F54C-4024-8E56-2FF322CC77CA}"
EndProject
Project("{9A19103F-16F7-4668-BE54-9A1E7A4F7556}") = "Butterfly.MultiPlatform.Senders", "Butterfly.MultiPlatform.Senders\Butterfly.MultiPlatform.Senders.csproj", "{3CBDE1C8-66AE-4CDE-BE9F-56B46332B079}"
EndProject
Project("{9A19103F-16F7-4668-BE54-9A1E7A4F7556}") = "Butterfly.MultiPlatform.Services", "Butterfly.MultiPlatform.Services\Butterfly.MultiPlatform.Services.csproj", "{BE9E5FAF-A1FD-4809-A4E4-B1809CB3BD8A}"
EndProject
Project("{FAE04EC0-301F-11D3-BF4B-00C04F79EFBC}") = "Butterfly.Windows.Audio", "Butterfly.Windows.Audio\Butterfly.Windows.Audio.csproj", "{87E8FA28-EF4D-4D13-B178-C696E9F14D28}"
EndProject
Project("{2150E333-8FDC-42A3-9474-1A3956D46DE8}") = "WPF", "WPF", "{998A5BA9-197A-4759-B0F8-B8FF0338B05F}"
EndProject
Project("{FAE04EC0-301F-11D3-BF4B-00C04F79EFBC}") = "Butterfly.Windows.WPF.Client", "Butterfly.Windows.WPF.Client\Butterfly.Windows.WPF.Client.csproj", "{B3020FAF-6A0C-489D-9382-5A607E6BA742}"
EndProject
Project("{2150E333-8FDC-42A3-9474-1A3956D46DE8}") = "Server", "Server", "{3F0B1C04-AD6C-4862-B740-E2A33C9455EC}"
EndProject
Project("{FAE04EC0-301F-11D3-BF4B-00C04F79EFBC}") = "Butterfly.Windows.WPF.Client.UserControls", "Butterfly.Windows.WPF.Client.UserControls\Butterfly.Windows.WPF.Client.UserControls.csproj", "{8DCAA0F3-27FC-4E28-8572-2FC24D7B6A53}"
EndProject
Project("{FAE04EC0-301F-11D3-BF4B-00C04F79EFBC}") = "Butterfly.Windows.Client.CustomControls", "Butterfly.Windows.Client.CustomControls\Butterfly.Windows.Client.CustomControls.csproj", "{A3D5B239-64BA-466D-BD8D-A99710012ADB}"
EndProject
Project("{FAE04EC0-301F-11D3-BF4B-00C04F79EFBC}") = "Butterfly.Windows.WPF.Client.Core", "Butterfly.Windows.WPF.Client.Core\Butterfly.Windows.WPF.Client.Core.csproj", "{E0802189-4D47-4BC5-89BA-A67C93E7CFE2}"
EndProject
Global
	GlobalSection(SolutionConfigurationPlatforms) = preSolution
		Debug|Any CPU = Debug|Any CPU
		Debug|iPhone = Debug|iPhone
		Debug|iPhoneSimulator = Debug|iPhoneSimulator
		Release|Any CPU = Release|Any CPU
		Release|iPhone = Release|iPhone
		Release|iPhoneSimulator = Release|iPhoneSimulator
	EndGlobalSection
	GlobalSection(ProjectConfigurationPlatforms) = postSolution
		{D0E1D70F-0053-40A2-9662-D812A0C5F345}.Debug|Any CPU.ActiveCfg = Debug|Any CPU
		{D0E1D70F-0053-40A2-9662-D812A0C5F345}.Debug|Any CPU.Build.0 = Debug|Any CPU
		{D0E1D70F-0053-40A2-9662-D812A0C5F345}.Debug|iPhone.ActiveCfg = Debug|Any CPU
		{D0E1D70F-0053-40A2-9662-D812A0C5F345}.Debug|iPhoneSimulator.ActiveCfg = Debug|Any CPU
		{D0E1D70F-0053-40A2-9662-D812A0C5F345}.Release|Any CPU.ActiveCfg = Release|Any CPU
		{D0E1D70F-0053-40A2-9662-D812A0C5F345}.Release|Any CPU.Build.0 = Release|Any CPU
		{D0E1D70F-0053-40A2-9662-D812A0C5F345}.Release|iPhone.ActiveCfg = Release|Any CPU
		{D0E1D70F-0053-40A2-9662-D812A0C5F345}.Release|iPhoneSimulator.ActiveCfg = Release|Any CPU
		{5A4B66DF-7310-46C3-B755-D41A41F08A7E}.Debug|Any CPU.ActiveCfg = Debug|Any CPU
		{5A4B66DF-7310-46C3-B755-D41A41F08A7E}.Debug|Any CPU.Build.0 = Debug|Any CPU
		{5A4B66DF-7310-46C3-B755-D41A41F08A7E}.Debug|iPhone.ActiveCfg = Debug|Any CPU
		{5A4B66DF-7310-46C3-B755-D41A41F08A7E}.Debug|iPhone.Build.0 = Debug|Any CPU
		{5A4B66DF-7310-46C3-B755-D41A41F08A7E}.Debug|iPhoneSimulator.ActiveCfg = Debug|Any CPU
		{5A4B66DF-7310-46C3-B755-D41A41F08A7E}.Debug|iPhoneSimulator.Build.0 = Debug|Any CPU
		{5A4B66DF-7310-46C3-B755-D41A41F08A7E}.Release|Any CPU.ActiveCfg = Release|Any CPU
		{5A4B66DF-7310-46C3-B755-D41A41F08A7E}.Release|Any CPU.Build.0 = Release|Any CPU
		{5A4B66DF-7310-46C3-B755-D41A41F08A7E}.Release|iPhone.ActiveCfg = Release|Any CPU
		{5A4B66DF-7310-46C3-B755-D41A41F08A7E}.Release|iPhone.Build.0 = Release|Any CPU
		{5A4B66DF-7310-46C3-B755-D41A41F08A7E}.Release|iPhoneSimulator.ActiveCfg = Release|Any CPU
		{5A4B66DF-7310-46C3-B755-D41A41F08A7E}.Release|iPhoneSimulator.Build.0 = Release|Any CPU
		{3708CF06-714B-40C4-BA4F-FD6A97C170FC}.Debug|Any CPU.ActiveCfg = Debug|Any CPU
		{3708CF06-714B-40C4-BA4F-FD6A97C170FC}.Debug|Any CPU.Build.0 = Debug|Any CPU
		{3708CF06-714B-40C4-BA4F-FD6A97C170FC}.Debug|iPhone.ActiveCfg = Debug|Any CPU
		{3708CF06-714B-40C4-BA4F-FD6A97C170FC}.Debug|iPhone.Build.0 = Debug|Any CPU
		{3708CF06-714B-40C4-BA4F-FD6A97C170FC}.Debug|iPhoneSimulator.ActiveCfg = Debug|Any CPU
		{3708CF06-714B-40C4-BA4F-FD6A97C170FC}.Debug|iPhoneSimulator.Build.0 = Debug|Any CPU
		{3708CF06-714B-40C4-BA4F-FD6A97C170FC}.Release|Any CPU.ActiveCfg = Release|Any CPU
		{3708CF06-714B-40C4-BA4F-FD6A97C170FC}.Release|Any CPU.Build.0 = Release|Any CPU
		{3708CF06-714B-40C4-BA4F-FD6A97C170FC}.Release|iPhone.ActiveCfg = Release|Any CPU
		{3708CF06-714B-40C4-BA4F-FD6A97C170FC}.Release|iPhone.Build.0 = Release|Any CPU
		{3708CF06-714B-40C4-BA4F-FD6A97C170FC}.Release|iPhoneSimulator.ActiveCfg = Release|Any CPU
		{3708CF06-714B-40C4-BA4F-FD6A97C170FC}.Release|iPhoneSimulator.Build.0 = Release|Any CPU
		{12A00DDF-C15A-4F3C-8DFF-194CC713C8C8}.Debug|Any CPU.ActiveCfg = Debug|Any CPU
		{12A00DDF-C15A-4F3C-8DFF-194CC713C8C8}.Debug|Any CPU.Build.0 = Debug|Any CPU
		{12A00DDF-C15A-4F3C-8DFF-194CC713C8C8}.Debug|iPhone.ActiveCfg = Debug|Any CPU
		{12A00DDF-C15A-4F3C-8DFF-194CC713C8C8}.Debug|iPhone.Build.0 = Debug|Any CPU
		{12A00DDF-C15A-4F3C-8DFF-194CC713C8C8}.Debug|iPhoneSimulator.ActiveCfg = Debug|Any CPU
		{12A00DDF-C15A-4F3C-8DFF-194CC713C8C8}.Debug|iPhoneSimulator.Build.0 = Debug|Any CPU
		{12A00DDF-C15A-4F3C-8DFF-194CC713C8C8}.Release|Any CPU.ActiveCfg = Release|Any CPU
		{12A00DDF-C15A-4F3C-8DFF-194CC713C8C8}.Release|Any CPU.Build.0 = Release|Any CPU
		{12A00DDF-C15A-4F3C-8DFF-194CC713C8C8}.Release|iPhone.ActiveCfg = Release|Any CPU
		{12A00DDF-C15A-4F3C-8DFF-194CC713C8C8}.Release|iPhone.Build.0 = Release|Any CPU
		{12A00DDF-C15A-4F3C-8DFF-194CC713C8C8}.Release|iPhoneSimulator.ActiveCfg = Release|Any CPU
		{12A00DDF-C15A-4F3C-8DFF-194CC713C8C8}.Release|iPhoneSimulator.Build.0 = Release|Any CPU
		{100F24DE-7518-4D16-9398-48E44C540133}.Debug|Any CPU.ActiveCfg = Debug|Any CPU
		{100F24DE-7518-4D16-9398-48E44C540133}.Debug|Any CPU.Build.0 = Debug|Any CPU
		{100F24DE-7518-4D16-9398-48E44C540133}.Debug|iPhone.ActiveCfg = Debug|Any CPU
		{100F24DE-7518-4D16-9398-48E44C540133}.Debug|iPhone.Build.0 = Debug|Any CPU
		{100F24DE-7518-4D16-9398-48E44C540133}.Debug|iPhoneSimulator.ActiveCfg = Debug|Any CPU
		{100F24DE-7518-4D16-9398-48E44C540133}.Debug|iPhoneSimulator.Build.0 = Debug|Any CPU
		{100F24DE-7518-4D16-9398-48E44C540133}.Release|Any CPU.ActiveCfg = Release|Any CPU
		{100F24DE-7518-4D16-9398-48E44C540133}.Release|Any CPU.Build.0 = Release|Any CPU
		{100F24DE-7518-4D16-9398-48E44C540133}.Release|iPhone.ActiveCfg = Release|Any CPU
		{100F24DE-7518-4D16-9398-48E44C540133}.Release|iPhone.Build.0 = Release|Any CPU
		{100F24DE-7518-4D16-9398-48E44C540133}.Release|iPhoneSimulator.ActiveCfg = Release|Any CPU
		{100F24DE-7518-4D16-9398-48E44C540133}.Release|iPhoneSimulator.Build.0 = Release|Any CPU
		{F6B8BB3C-81F8-4920-A3E2-1787A25E3336}.Debug|Any CPU.ActiveCfg = Debug|Any CPU
		{F6B8BB3C-81F8-4920-A3E2-1787A25E3336}.Debug|Any CPU.Build.0 = Debug|Any CPU
		{F6B8BB3C-81F8-4920-A3E2-1787A25E3336}.Debug|iPhone.ActiveCfg = Debug|Any CPU
		{F6B8BB3C-81F8-4920-A3E2-1787A25E3336}.Debug|iPhone.Build.0 = Debug|Any CPU
		{F6B8BB3C-81F8-4920-A3E2-1787A25E3336}.Debug|iPhoneSimulator.ActiveCfg = Debug|Any CPU
		{F6B8BB3C-81F8-4920-A3E2-1787A25E3336}.Debug|iPhoneSimulator.Build.0 = Debug|Any CPU
		{F6B8BB3C-81F8-4920-A3E2-1787A25E3336}.Release|Any CPU.ActiveCfg = Release|Any CPU
		{F6B8BB3C-81F8-4920-A3E2-1787A25E3336}.Release|Any CPU.Build.0 = Release|Any CPU
		{F6B8BB3C-81F8-4920-A3E2-1787A25E3336}.Release|iPhone.ActiveCfg = Release|Any CPU
		{F6B8BB3C-81F8-4920-A3E2-1787A25E3336}.Release|iPhone.Build.0 = Release|Any CPU
		{F6B8BB3C-81F8-4920-A3E2-1787A25E3336}.Release|iPhoneSimulator.ActiveCfg = Release|Any CPU
		{F6B8BB3C-81F8-4920-A3E2-1787A25E3336}.Release|iPhoneSimulator.Build.0 = Release|Any CPU
		{11F8E72A-957A-47F9-87F9-895559B9F250}.Debug|Any CPU.ActiveCfg = Debug|Any CPU
		{11F8E72A-957A-47F9-87F9-895559B9F250}.Debug|Any CPU.Build.0 = Debug|Any CPU
		{11F8E72A-957A-47F9-87F9-895559B9F250}.Debug|iPhone.ActiveCfg = Debug|Any CPU
		{11F8E72A-957A-47F9-87F9-895559B9F250}.Debug|iPhone.Build.0 = Debug|Any CPU
		{11F8E72A-957A-47F9-87F9-895559B9F250}.Debug|iPhoneSimulator.ActiveCfg = Debug|Any CPU
		{11F8E72A-957A-47F9-87F9-895559B9F250}.Debug|iPhoneSimulator.Build.0 = Debug|Any CPU
		{11F8E72A-957A-47F9-87F9-895559B9F250}.Release|Any CPU.ActiveCfg = Release|Any CPU
		{11F8E72A-957A-47F9-87F9-895559B9F250}.Release|Any CPU.Build.0 = Release|Any CPU
		{11F8E72A-957A-47F9-87F9-895559B9F250}.Release|iPhone.ActiveCfg = Release|Any CPU
		{11F8E72A-957A-47F9-87F9-895559B9F250}.Release|iPhone.Build.0 = Release|Any CPU
		{11F8E72A-957A-47F9-87F9-895559B9F250}.Release|iPhoneSimulator.ActiveCfg = Release|Any CPU
		{11F8E72A-957A-47F9-87F9-895559B9F250}.Release|iPhoneSimulator.Build.0 = Release|Any CPU
		{B7D57AFD-E5DD-4737-8AB6-E4F5916DC358}.Debug|Any CPU.ActiveCfg = Debug|Any CPU
		{B7D57AFD-E5DD-4737-8AB6-E4F5916DC358}.Debug|Any CPU.Build.0 = Debug|Any CPU
		{B7D57AFD-E5DD-4737-8AB6-E4F5916DC358}.Debug|iPhone.ActiveCfg = Debug|Any CPU
		{B7D57AFD-E5DD-4737-8AB6-E4F5916DC358}.Debug|iPhone.Build.0 = Debug|Any CPU
		{B7D57AFD-E5DD-4737-8AB6-E4F5916DC358}.Debug|iPhoneSimulator.ActiveCfg = Debug|Any CPU
		{B7D57AFD-E5DD-4737-8AB6-E4F5916DC358}.Debug|iPhoneSimulator.Build.0 = Debug|Any CPU
		{B7D57AFD-E5DD-4737-8AB6-E4F5916DC358}.Release|Any CPU.ActiveCfg = Release|Any CPU
		{B7D57AFD-E5DD-4737-8AB6-E4F5916DC358}.Release|Any CPU.Build.0 = Release|Any CPU
		{B7D57AFD-E5DD-4737-8AB6-E4F5916DC358}.Release|iPhone.ActiveCfg = Release|Any CPU
		{B7D57AFD-E5DD-4737-8AB6-E4F5916DC358}.Release|iPhone.Build.0 = Release|Any CPU
		{B7D57AFD-E5DD-4737-8AB6-E4F5916DC358}.Release|iPhoneSimulator.ActiveCfg = Release|Any CPU
		{B7D57AFD-E5DD-4737-8AB6-E4F5916DC358}.Release|iPhoneSimulator.Build.0 = Release|Any CPU
		{14E2B5B0-18E7-40EF-9D0D-4A4D585EC009}.Debug|Any CPU.ActiveCfg = Debug|Any CPU
		{14E2B5B0-18E7-40EF-9D0D-4A4D585EC009}.Debug|Any CPU.Build.0 = Debug|Any CPU
		{14E2B5B0-18E7-40EF-9D0D-4A4D585EC009}.Debug|iPhone.ActiveCfg = Debug|Any CPU
		{14E2B5B0-18E7-40EF-9D0D-4A4D585EC009}.Debug|iPhone.Build.0 = Debug|Any CPU
		{14E2B5B0-18E7-40EF-9D0D-4A4D585EC009}.Debug|iPhoneSimulator.ActiveCfg = Debug|Any CPU
		{14E2B5B0-18E7-40EF-9D0D-4A4D585EC009}.Debug|iPhoneSimulator.Build.0 = Debug|Any CPU
		{14E2B5B0-18E7-40EF-9D0D-4A4D585EC009}.Release|Any CPU.ActiveCfg = Release|Any CPU
		{14E2B5B0-18E7-40EF-9D0D-4A4D585EC009}.Release|Any CPU.Build.0 = Release|Any CPU
		{14E2B5B0-18E7-40EF-9D0D-4A4D585EC009}.Release|iPhone.ActiveCfg = Release|Any CPU
		{14E2B5B0-18E7-40EF-9D0D-4A4D585EC009}.Release|iPhone.Build.0 = Release|Any CPU
		{14E2B5B0-18E7-40EF-9D0D-4A4D585EC009}.Release|iPhoneSimulator.ActiveCfg = Release|Any CPU
		{14E2B5B0-18E7-40EF-9D0D-4A4D585EC009}.Release|iPhoneSimulator.Build.0 = Release|Any CPU
		{10380352-D23E-4969-B731-DFFADD577B2B}.Debug|Any CPU.ActiveCfg = Debug|Any CPU
		{10380352-D23E-4969-B731-DFFADD577B2B}.Debug|Any CPU.Build.0 = Debug|Any CPU
		{10380352-D23E-4969-B731-DFFADD577B2B}.Debug|iPhone.ActiveCfg = Debug|Any CPU
		{10380352-D23E-4969-B731-DFFADD577B2B}.Debug|iPhone.Build.0 = Debug|Any CPU
		{10380352-D23E-4969-B731-DFFADD577B2B}.Debug|iPhoneSimulator.ActiveCfg = Debug|Any CPU
		{10380352-D23E-4969-B731-DFFADD577B2B}.Debug|iPhoneSimulator.Build.0 = Debug|Any CPU
		{10380352-D23E-4969-B731-DFFADD577B2B}.Release|Any CPU.ActiveCfg = Release|Any CPU
		{10380352-D23E-4969-B731-DFFADD577B2B}.Release|Any CPU.Build.0 = Release|Any CPU
		{10380352-D23E-4969-B731-DFFADD577B2B}.Release|iPhone.ActiveCfg = Release|Any CPU
		{10380352-D23E-4969-B731-DFFADD577B2B}.Release|iPhone.Build.0 = Release|Any CPU
		{10380352-D23E-4969-B731-DFFADD577B2B}.Release|iPhoneSimulator.ActiveCfg = Release|Any CPU
		{10380352-D23E-4969-B731-DFFADD577B2B}.Release|iPhoneSimulator.Build.0 = Release|Any CPU
		{DBAEFB66-9FAB-491B-A65A-6586A509A6C4}.Debug|Any CPU.ActiveCfg = Debug|Any CPU
		{DBAEFB66-9FAB-491B-A65A-6586A509A6C4}.Debug|Any CPU.Build.0 = Debug|Any CPU
		{DBAEFB66-9FAB-491B-A65A-6586A509A6C4}.Debug|iPhone.ActiveCfg = Debug|Any CPU
		{DBAEFB66-9FAB-491B-A65A-6586A509A6C4}.Debug|iPhone.Build.0 = Debug|Any CPU
		{DBAEFB66-9FAB-491B-A65A-6586A509A6C4}.Debug|iPhoneSimulator.ActiveCfg = Debug|Any CPU
		{DBAEFB66-9FAB-491B-A65A-6586A509A6C4}.Debug|iPhoneSimulator.Build.0 = Debug|Any CPU
		{DBAEFB66-9FAB-491B-A65A-6586A509A6C4}.Release|Any CPU.ActiveCfg = Release|Any CPU
		{DBAEFB66-9FAB-491B-A65A-6586A509A6C4}.Release|Any CPU.Build.0 = Release|Any CPU
		{DBAEFB66-9FAB-491B-A65A-6586A509A6C4}.Release|iPhone.ActiveCfg = Release|Any CPU
		{DBAEFB66-9FAB-491B-A65A-6586A509A6C4}.Release|iPhone.Build.0 = Release|Any CPU
		{DBAEFB66-9FAB-491B-A65A-6586A509A6C4}.Release|iPhoneSimulator.ActiveCfg = Release|Any CPU
		{DBAEFB66-9FAB-491B-A65A-6586A509A6C4}.Release|iPhoneSimulator.Build.0 = Release|Any CPU
		{1F5D97B1-1772-4BD7-BD83-0D7DDA13E0B5}.Debug|Any CPU.ActiveCfg = Debug|Any CPU
		{1F5D97B1-1772-4BD7-BD83-0D7DDA13E0B5}.Debug|Any CPU.Build.0 = Debug|Any CPU
		{1F5D97B1-1772-4BD7-BD83-0D7DDA13E0B5}.Debug|iPhone.ActiveCfg = Debug|Any CPU
		{1F5D97B1-1772-4BD7-BD83-0D7DDA13E0B5}.Debug|iPhone.Build.0 = Debug|Any CPU
		{1F5D97B1-1772-4BD7-BD83-0D7DDA13E0B5}.Debug|iPhoneSimulator.ActiveCfg = Debug|Any CPU
		{1F5D97B1-1772-4BD7-BD83-0D7DDA13E0B5}.Debug|iPhoneSimulator.Build.0 = Debug|Any CPU
		{1F5D97B1-1772-4BD7-BD83-0D7DDA13E0B5}.Release|Any CPU.ActiveCfg = Release|Any CPU
		{1F5D97B1-1772-4BD7-BD83-0D7DDA13E0B5}.Release|Any CPU.Build.0 = Release|Any CPU
		{1F5D97B1-1772-4BD7-BD83-0D7DDA13E0B5}.Release|iPhone.ActiveCfg = Release|Any CPU
		{1F5D97B1-1772-4BD7-BD83-0D7DDA13E0B5}.Release|iPhone.Build.0 = Release|Any CPU
		{1F5D97B1-1772-4BD7-BD83-0D7DDA13E0B5}.Release|iPhoneSimulator.ActiveCfg = Release|Any CPU
		{1F5D97B1-1772-4BD7-BD83-0D7DDA13E0B5}.Release|iPhoneSimulator.Build.0 = Release|Any CPU
		{7870D078-AA4B-4941-B41C-81A643AA0DDA}.Debug|Any CPU.ActiveCfg = Debug|Any CPU
		{7870D078-AA4B-4941-B41C-81A643AA0DDA}.Debug|Any CPU.Build.0 = Debug|Any CPU
		{7870D078-AA4B-4941-B41C-81A643AA0DDA}.Debug|iPhone.ActiveCfg = Debug|Any CPU
		{7870D078-AA4B-4941-B41C-81A643AA0DDA}.Debug|iPhone.Build.0 = Debug|Any CPU
		{7870D078-AA4B-4941-B41C-81A643AA0DDA}.Debug|iPhoneSimulator.ActiveCfg = Debug|Any CPU
		{7870D078-AA4B-4941-B41C-81A643AA0DDA}.Debug|iPhoneSimulator.Build.0 = Debug|Any CPU
		{7870D078-AA4B-4941-B41C-81A643AA0DDA}.Release|Any CPU.ActiveCfg = Release|Any CPU
		{7870D078-AA4B-4941-B41C-81A643AA0DDA}.Release|Any CPU.Build.0 = Release|Any CPU
		{7870D078-AA4B-4941-B41C-81A643AA0DDA}.Release|iPhone.ActiveCfg = Release|Any CPU
		{7870D078-AA4B-4941-B41C-81A643AA0DDA}.Release|iPhone.Build.0 = Release|Any CPU
		{7870D078-AA4B-4941-B41C-81A643AA0DDA}.Release|iPhoneSimulator.ActiveCfg = Release|Any CPU
		{7870D078-AA4B-4941-B41C-81A643AA0DDA}.Release|iPhoneSimulator.Build.0 = Release|Any CPU
		{F8DB73F0-93F0-4C79-A5C5-EFC4F16DDDBE}.Debug|Any CPU.ActiveCfg = Debug|Any CPU
		{F8DB73F0-93F0-4C79-A5C5-EFC4F16DDDBE}.Debug|Any CPU.Build.0 = Debug|Any CPU
		{F8DB73F0-93F0-4C79-A5C5-EFC4F16DDDBE}.Debug|iPhone.ActiveCfg = Debug|Any CPU
		{F8DB73F0-93F0-4C79-A5C5-EFC4F16DDDBE}.Debug|iPhone.Build.0 = Debug|Any CPU
		{F8DB73F0-93F0-4C79-A5C5-EFC4F16DDDBE}.Debug|iPhoneSimulator.ActiveCfg = Debug|Any CPU
		{F8DB73F0-93F0-4C79-A5C5-EFC4F16DDDBE}.Debug|iPhoneSimulator.Build.0 = Debug|Any CPU
		{F8DB73F0-93F0-4C79-A5C5-EFC4F16DDDBE}.Release|Any CPU.ActiveCfg = Release|Any CPU
		{F8DB73F0-93F0-4C79-A5C5-EFC4F16DDDBE}.Release|Any CPU.Build.0 = Release|Any CPU
		{F8DB73F0-93F0-4C79-A5C5-EFC4F16DDDBE}.Release|iPhone.ActiveCfg = Release|Any CPU
		{F8DB73F0-93F0-4C79-A5C5-EFC4F16DDDBE}.Release|iPhone.Build.0 = Release|Any CPU
		{F8DB73F0-93F0-4C79-A5C5-EFC4F16DDDBE}.Release|iPhoneSimulator.ActiveCfg = Release|Any CPU
		{F8DB73F0-93F0-4C79-A5C5-EFC4F16DDDBE}.Release|iPhoneSimulator.Build.0 = Release|Any CPU
		{CDFE628E-F284-4874-811B-C469345766C0}.Debug|Any CPU.ActiveCfg = Debug|Any CPU
		{CDFE628E-F284-4874-811B-C469345766C0}.Debug|Any CPU.Build.0 = Debug|Any CPU
		{CDFE628E-F284-4874-811B-C469345766C0}.Debug|iPhone.ActiveCfg = Debug|Any CPU
		{CDFE628E-F284-4874-811B-C469345766C0}.Debug|iPhone.Build.0 = Debug|Any CPU
		{CDFE628E-F284-4874-811B-C469345766C0}.Debug|iPhoneSimulator.ActiveCfg = Debug|Any CPU
		{CDFE628E-F284-4874-811B-C469345766C0}.Debug|iPhoneSimulator.Build.0 = Debug|Any CPU
		{CDFE628E-F284-4874-811B-C469345766C0}.Release|Any CPU.ActiveCfg = Release|Any CPU
		{CDFE628E-F284-4874-811B-C469345766C0}.Release|Any CPU.Build.0 = Release|Any CPU
		{CDFE628E-F284-4874-811B-C469345766C0}.Release|iPhone.ActiveCfg = Release|Any CPU
		{CDFE628E-F284-4874-811B-C469345766C0}.Release|iPhone.Build.0 = Release|Any CPU
		{CDFE628E-F284-4874-811B-C469345766C0}.Release|iPhoneSimulator.ActiveCfg = Release|Any CPU
		{CDFE628E-F284-4874-811B-C469345766C0}.Release|iPhoneSimulator.Build.0 = Release|Any CPU
		{C848122E-BD0C-4991-BD5F-1A5F16303F8D}.Debug|Any CPU.ActiveCfg = Debug|Any CPU
		{C848122E-BD0C-4991-BD5F-1A5F16303F8D}.Debug|Any CPU.Build.0 = Debug|Any CPU
		{C848122E-BD0C-4991-BD5F-1A5F16303F8D}.Debug|iPhone.ActiveCfg = Debug|Any CPU
		{C848122E-BD0C-4991-BD5F-1A5F16303F8D}.Debug|iPhone.Build.0 = Debug|Any CPU
		{C848122E-BD0C-4991-BD5F-1A5F16303F8D}.Debug|iPhoneSimulator.ActiveCfg = Debug|Any CPU
		{C848122E-BD0C-4991-BD5F-1A5F16303F8D}.Debug|iPhoneSimulator.Build.0 = Debug|Any CPU
		{C848122E-BD0C-4991-BD5F-1A5F16303F8D}.Release|Any CPU.ActiveCfg = Release|Any CPU
		{C848122E-BD0C-4991-BD5F-1A5F16303F8D}.Release|Any CPU.Build.0 = Release|Any CPU
		{C848122E-BD0C-4991-BD5F-1A5F16303F8D}.Release|iPhone.ActiveCfg = Release|Any CPU
		{C848122E-BD0C-4991-BD5F-1A5F16303F8D}.Release|iPhone.Build.0 = Release|Any CPU
		{C848122E-BD0C-4991-BD5F-1A5F16303F8D}.Release|iPhoneSimulator.ActiveCfg = Release|Any CPU
		{C848122E-BD0C-4991-BD5F-1A5F16303F8D}.Release|iPhoneSimulator.Build.0 = Release|Any CPU
		{137CF6D2-745E-471A-B187-3FDCCA289251}.Debug|Any CPU.ActiveCfg = Debug|Any CPU
		{137CF6D2-745E-471A-B187-3FDCCA289251}.Debug|Any CPU.Build.0 = Debug|Any CPU
		{137CF6D2-745E-471A-B187-3FDCCA289251}.Debug|iPhone.ActiveCfg = Debug|Any CPU
		{137CF6D2-745E-471A-B187-3FDCCA289251}.Debug|iPhone.Build.0 = Debug|Any CPU
		{137CF6D2-745E-471A-B187-3FDCCA289251}.Debug|iPhoneSimulator.ActiveCfg = Debug|Any CPU
		{137CF6D2-745E-471A-B187-3FDCCA289251}.Debug|iPhoneSimulator.Build.0 = Debug|Any CPU
		{137CF6D2-745E-471A-B187-3FDCCA289251}.Release|Any CPU.ActiveCfg = Release|Any CPU
		{137CF6D2-745E-471A-B187-3FDCCA289251}.Release|Any CPU.Build.0 = Release|Any CPU
		{137CF6D2-745E-471A-B187-3FDCCA289251}.Release|iPhone.ActiveCfg = Release|Any CPU
		{137CF6D2-745E-471A-B187-3FDCCA289251}.Release|iPhone.Build.0 = Release|Any CPU
		{137CF6D2-745E-471A-B187-3FDCCA289251}.Release|iPhoneSimulator.ActiveCfg = Release|Any CPU
		{137CF6D2-745E-471A-B187-3FDCCA289251}.Release|iPhoneSimulator.Build.0 = Release|Any CPU
		{1DAAD28F-5E1B-4544-9B11-183ED9FFD19D}.Debug|Any CPU.ActiveCfg = Debug|Any CPU
		{1DAAD28F-5E1B-4544-9B11-183ED9FFD19D}.Debug|Any CPU.Build.0 = Debug|Any CPU
		{1DAAD28F-5E1B-4544-9B11-183ED9FFD19D}.Debug|Any CPU.Deploy.0 = Debug|Any CPU
		{1DAAD28F-5E1B-4544-9B11-183ED9FFD19D}.Debug|iPhone.ActiveCfg = Debug|Any CPU
		{1DAAD28F-5E1B-4544-9B11-183ED9FFD19D}.Debug|iPhone.Build.0 = Debug|Any CPU
		{1DAAD28F-5E1B-4544-9B11-183ED9FFD19D}.Debug|iPhone.Deploy.0 = Debug|Any CPU
		{1DAAD28F-5E1B-4544-9B11-183ED9FFD19D}.Debug|iPhoneSimulator.ActiveCfg = Debug|Any CPU
		{1DAAD28F-5E1B-4544-9B11-183ED9FFD19D}.Debug|iPhoneSimulator.Build.0 = Debug|Any CPU
		{1DAAD28F-5E1B-4544-9B11-183ED9FFD19D}.Debug|iPhoneSimulator.Deploy.0 = Debug|Any CPU
		{1DAAD28F-5E1B-4544-9B11-183ED9FFD19D}.Release|Any CPU.ActiveCfg = Release|Any CPU
		{1DAAD28F-5E1B-4544-9B11-183ED9FFD19D}.Release|Any CPU.Build.0 = Release|Any CPU
		{1DAAD28F-5E1B-4544-9B11-183ED9FFD19D}.Release|Any CPU.Deploy.0 = Release|Any CPU
		{1DAAD28F-5E1B-4544-9B11-183ED9FFD19D}.Release|iPhone.ActiveCfg = Release|Any CPU
		{1DAAD28F-5E1B-4544-9B11-183ED9FFD19D}.Release|iPhone.Build.0 = Release|Any CPU
		{1DAAD28F-5E1B-4544-9B11-183ED9FFD19D}.Release|iPhone.Deploy.0 = Release|Any CPU
		{1DAAD28F-5E1B-4544-9B11-183ED9FFD19D}.Release|iPhoneSimulator.ActiveCfg = Release|Any CPU
		{1DAAD28F-5E1B-4544-9B11-183ED9FFD19D}.Release|iPhoneSimulator.Build.0 = Release|Any CPU
		{1DAAD28F-5E1B-4544-9B11-183ED9FFD19D}.Release|iPhoneSimulator.Deploy.0 = Release|Any CPU
		{FD651AB0-952E-4E97-B9B8-35224087441B}.Debug|Any CPU.ActiveCfg = Debug|iPhone
		{FD651AB0-952E-4E97-B9B8-35224087441B}.Debug|iPhone.ActiveCfg = Debug|iPhone
		{FD651AB0-952E-4E97-B9B8-35224087441B}.Debug|iPhone.Build.0 = Debug|iPhone
		{FD651AB0-952E-4E97-B9B8-35224087441B}.Debug|iPhoneSimulator.ActiveCfg = Debug|iPhoneSimulator
		{FD651AB0-952E-4E97-B9B8-35224087441B}.Debug|iPhoneSimulator.Build.0 = Debug|iPhoneSimulator
		{FD651AB0-952E-4E97-B9B8-35224087441B}.Release|Any CPU.ActiveCfg = Release|iPhone
		{FD651AB0-952E-4E97-B9B8-35224087441B}.Release|iPhone.ActiveCfg = Release|iPhone
		{FD651AB0-952E-4E97-B9B8-35224087441B}.Release|iPhone.Build.0 = Release|iPhone
		{FD651AB0-952E-4E97-B9B8-35224087441B}.Release|iPhoneSimulator.ActiveCfg = Release|iPhoneSimulator
		{FD651AB0-952E-4E97-B9B8-35224087441B}.Release|iPhoneSimulator.Build.0 = Release|iPhoneSimulator
		{2EC1AC32-23BE-489B-8E71-7C81F7A0DCB7}.Debug|Any CPU.ActiveCfg = Debug|Any CPU
		{2EC1AC32-23BE-489B-8E71-7C81F7A0DCB7}.Debug|Any CPU.Build.0 = Debug|Any CPU
		{2EC1AC32-23BE-489B-8E71-7C81F7A0DCB7}.Debug|iPhone.ActiveCfg = Debug|Any CPU
		{2EC1AC32-23BE-489B-8E71-7C81F7A0DCB7}.Debug|iPhone.Build.0 = Debug|Any CPU
		{2EC1AC32-23BE-489B-8E71-7C81F7A0DCB7}.Debug|iPhoneSimulator.ActiveCfg = Debug|Any CPU
		{2EC1AC32-23BE-489B-8E71-7C81F7A0DCB7}.Debug|iPhoneSimulator.Build.0 = Debug|Any CPU
		{2EC1AC32-23BE-489B-8E71-7C81F7A0DCB7}.Release|Any CPU.ActiveCfg = Release|Any CPU
		{2EC1AC32-23BE-489B-8E71-7C81F7A0DCB7}.Release|Any CPU.Build.0 = Release|Any CPU
		{2EC1AC32-23BE-489B-8E71-7C81F7A0DCB7}.Release|iPhone.ActiveCfg = Release|Any CPU
		{2EC1AC32-23BE-489B-8E71-7C81F7A0DCB7}.Release|iPhone.Build.0 = Release|Any CPU
		{2EC1AC32-23BE-489B-8E71-7C81F7A0DCB7}.Release|iPhoneSimulator.ActiveCfg = Release|Any CPU
		{2EC1AC32-23BE-489B-8E71-7C81F7A0DCB7}.Release|iPhoneSimulator.Build.0 = Release|Any CPU
		{C2DFDB67-5284-4E1A-89F0-B4D38EAB270F}.Debug|Any CPU.ActiveCfg = Debug|Any CPU
		{C2DFDB67-5284-4E1A-89F0-B4D38EAB270F}.Debug|Any CPU.Build.0 = Debug|Any CPU
		{C2DFDB67-5284-4E1A-89F0-B4D38EAB270F}.Debug|iPhone.ActiveCfg = Debug|Any CPU
		{C2DFDB67-5284-4E1A-89F0-B4D38EAB270F}.Debug|iPhone.Build.0 = Debug|Any CPU
		{C2DFDB67-5284-4E1A-89F0-B4D38EAB270F}.Debug|iPhoneSimulator.ActiveCfg = Debug|Any CPU
		{C2DFDB67-5284-4E1A-89F0-B4D38EAB270F}.Debug|iPhoneSimulator.Build.0 = Debug|Any CPU
		{C2DFDB67-5284-4E1A-89F0-B4D38EAB270F}.Release|Any CPU.ActiveCfg = Release|Any CPU
		{C2DFDB67-5284-4E1A-89F0-B4D38EAB270F}.Release|Any CPU.Build.0 = Release|Any CPU
		{C2DFDB67-5284-4E1A-89F0-B4D38EAB270F}.Release|iPhone.ActiveCfg = Release|Any CPU
		{C2DFDB67-5284-4E1A-89F0-B4D38EAB270F}.Release|iPhone.Build.0 = Release|Any CPU
		{C2DFDB67-5284-4E1A-89F0-B4D38EAB270F}.Release|iPhoneSimulator.ActiveCfg = Release|Any CPU
		{C2DFDB67-5284-4E1A-89F0-B4D38EAB270F}.Release|iPhoneSimulator.Build.0 = Release|Any CPU
		{794D5C4D-2D16-44BE-B464-DE9F463DDEA7}.Debug|Any CPU.ActiveCfg = Debug|Any CPU
		{794D5C4D-2D16-44BE-B464-DE9F463DDEA7}.Debug|Any CPU.Build.0 = Debug|Any CPU
		{794D5C4D-2D16-44BE-B464-DE9F463DDEA7}.Debug|iPhone.ActiveCfg = Debug|Any CPU
		{794D5C4D-2D16-44BE-B464-DE9F463DDEA7}.Debug|iPhone.Build.0 = Debug|Any CPU
		{794D5C4D-2D16-44BE-B464-DE9F463DDEA7}.Debug|iPhoneSimulator.ActiveCfg = Debug|Any CPU
		{794D5C4D-2D16-44BE-B464-DE9F463DDEA7}.Debug|iPhoneSimulator.Build.0 = Debug|Any CPU
		{794D5C4D-2D16-44BE-B464-DE9F463DDEA7}.Release|Any CPU.ActiveCfg = Release|Any CPU
		{794D5C4D-2D16-44BE-B464-DE9F463DDEA7}.Release|Any CPU.Build.0 = Release|Any CPU
		{794D5C4D-2D16-44BE-B464-DE9F463DDEA7}.Release|iPhone.ActiveCfg = Release|Any CPU
		{794D5C4D-2D16-44BE-B464-DE9F463DDEA7}.Release|iPhone.Build.0 = Release|Any CPU
		{794D5C4D-2D16-44BE-B464-DE9F463DDEA7}.Release|iPhoneSimulator.ActiveCfg = Release|Any CPU
		{794D5C4D-2D16-44BE-B464-DE9F463DDEA7}.Release|iPhoneSimulator.Build.0 = Release|Any CPU
		{C06E9464-F54C-4024-8E56-2FF322CC77CA}.Debug|Any CPU.ActiveCfg = Debug|Any CPU
		{C06E9464-F54C-4024-8E56-2FF322CC77CA}.Debug|Any CPU.Build.0 = Debug|Any CPU
		{C06E9464-F54C-4024-8E56-2FF322CC77CA}.Debug|iPhone.ActiveCfg = Debug|Any CPU
		{C06E9464-F54C-4024-8E56-2FF322CC77CA}.Debug|iPhone.Build.0 = Debug|Any CPU
		{C06E9464-F54C-4024-8E56-2FF322CC77CA}.Debug|iPhoneSimulator.ActiveCfg = Debug|Any CPU
		{C06E9464-F54C-4024-8E56-2FF322CC77CA}.Debug|iPhoneSimulator.Build.0 = Debug|Any CPU
		{C06E9464-F54C-4024-8E56-2FF322CC77CA}.Release|Any CPU.ActiveCfg = Release|Any CPU
		{C06E9464-F54C-4024-8E56-2FF322CC77CA}.Release|Any CPU.Build.0 = Release|Any CPU
		{C06E9464-F54C-4024-8E56-2FF322CC77CA}.Release|iPhone.ActiveCfg = Release|Any CPU
		{C06E9464-F54C-4024-8E56-2FF322CC77CA}.Release|iPhone.Build.0 = Release|Any CPU
		{C06E9464-F54C-4024-8E56-2FF322CC77CA}.Release|iPhoneSimulator.ActiveCfg = Release|Any CPU
		{C06E9464-F54C-4024-8E56-2FF322CC77CA}.Release|iPhoneSimulator.Build.0 = Release|Any CPU
		{3CBDE1C8-66AE-4CDE-BE9F-56B46332B079}.Debug|Any CPU.ActiveCfg = Debug|Any CPU
		{3CBDE1C8-66AE-4CDE-BE9F-56B46332B079}.Debug|Any CPU.Build.0 = Debug|Any CPU
		{3CBDE1C8-66AE-4CDE-BE9F-56B46332B079}.Debug|iPhone.ActiveCfg = Debug|Any CPU
		{3CBDE1C8-66AE-4CDE-BE9F-56B46332B079}.Debug|iPhone.Build.0 = Debug|Any CPU
		{3CBDE1C8-66AE-4CDE-BE9F-56B46332B079}.Debug|iPhoneSimulator.ActiveCfg = Debug|Any CPU
		{3CBDE1C8-66AE-4CDE-BE9F-56B46332B079}.Debug|iPhoneSimulator.Build.0 = Debug|Any CPU
		{3CBDE1C8-66AE-4CDE-BE9F-56B46332B079}.Release|Any CPU.ActiveCfg = Release|Any CPU
		{3CBDE1C8-66AE-4CDE-BE9F-56B46332B079}.Release|Any CPU.Build.0 = Release|Any CPU
		{3CBDE1C8-66AE-4CDE-BE9F-56B46332B079}.Release|iPhone.ActiveCfg = Release|Any CPU
		{3CBDE1C8-66AE-4CDE-BE9F-56B46332B079}.Release|iPhone.Build.0 = Release|Any CPU
		{3CBDE1C8-66AE-4CDE-BE9F-56B46332B079}.Release|iPhoneSimulator.ActiveCfg = Release|Any CPU
		{3CBDE1C8-66AE-4CDE-BE9F-56B46332B079}.Release|iPhoneSimulator.Build.0 = Release|Any CPU
		{BE9E5FAF-A1FD-4809-A4E4-B1809CB3BD8A}.Debug|Any CPU.ActiveCfg = Debug|Any CPU
		{BE9E5FAF-A1FD-4809-A4E4-B1809CB3BD8A}.Debug|Any CPU.Build.0 = Debug|Any CPU
		{BE9E5FAF-A1FD-4809-A4E4-B1809CB3BD8A}.Debug|iPhone.ActiveCfg = Debug|Any CPU
		{BE9E5FAF-A1FD-4809-A4E4-B1809CB3BD8A}.Debug|iPhone.Build.0 = Debug|Any CPU
		{BE9E5FAF-A1FD-4809-A4E4-B1809CB3BD8A}.Debug|iPhoneSimulator.ActiveCfg = Debug|Any CPU
		{BE9E5FAF-A1FD-4809-A4E4-B1809CB3BD8A}.Debug|iPhoneSimulator.Build.0 = Debug|Any CPU
		{BE9E5FAF-A1FD-4809-A4E4-B1809CB3BD8A}.Release|Any CPU.ActiveCfg = Release|Any CPU
		{BE9E5FAF-A1FD-4809-A4E4-B1809CB3BD8A}.Release|Any CPU.Build.0 = Release|Any CPU
		{BE9E5FAF-A1FD-4809-A4E4-B1809CB3BD8A}.Release|iPhone.ActiveCfg = Release|Any CPU
		{BE9E5FAF-A1FD-4809-A4E4-B1809CB3BD8A}.Release|iPhone.Build.0 = Release|Any CPU
		{BE9E5FAF-A1FD-4809-A4E4-B1809CB3BD8A}.Release|iPhoneSimulator.ActiveCfg = Release|Any CPU
		{BE9E5FAF-A1FD-4809-A4E4-B1809CB3BD8A}.Release|iPhoneSimulator.Build.0 = Release|Any CPU
		{87E8FA28-EF4D-4D13-B178-C696E9F14D28}.Debug|Any CPU.ActiveCfg = Debug|Any CPU
		{87E8FA28-EF4D-4D13-B178-C696E9F14D28}.Debug|Any CPU.Build.0 = Debug|Any CPU
		{87E8FA28-EF4D-4D13-B178-C696E9F14D28}.Debug|iPhone.ActiveCfg = Debug|Any CPU
		{87E8FA28-EF4D-4D13-B178-C696E9F14D28}.Debug|iPhone.Build.0 = Debug|Any CPU
		{87E8FA28-EF4D-4D13-B178-C696E9F14D28}.Debug|iPhoneSimulator.ActiveCfg = Debug|Any CPU
		{87E8FA28-EF4D-4D13-B178-C696E9F14D28}.Debug|iPhoneSimulator.Build.0 = Debug|Any CPU
		{87E8FA28-EF4D-4D13-B178-C696E9F14D28}.Release|Any CPU.ActiveCfg = Release|Any CPU
		{87E8FA28-EF4D-4D13-B178-C696E9F14D28}.Release|Any CPU.Build.0 = Release|Any CPU
		{87E8FA28-EF4D-4D13-B178-C696E9F14D28}.Release|iPhone.ActiveCfg = Release|Any CPU
		{87E8FA28-EF4D-4D13-B178-C696E9F14D28}.Release|iPhone.Build.0 = Release|Any CPU
		{87E8FA28-EF4D-4D13-B178-C696E9F14D28}.Release|iPhoneSimulator.ActiveCfg = Release|Any CPU
		{87E8FA28-EF4D-4D13-B178-C696E9F14D28}.Release|iPhoneSimulator.Build.0 = Release|Any CPU
		{B3020FAF-6A0C-489D-9382-5A607E6BA742}.Debug|Any CPU.ActiveCfg = Debug|Any CPU
		{B3020FAF-6A0C-489D-9382-5A607E6BA742}.Debug|Any CPU.Build.0 = Debug|Any CPU
		{B3020FAF-6A0C-489D-9382-5A607E6BA742}.Debug|iPhone.ActiveCfg = Debug|Any CPU
		{B3020FAF-6A0C-489D-9382-5A607E6BA742}.Debug|iPhone.Build.0 = Debug|Any CPU
		{B3020FAF-6A0C-489D-9382-5A607E6BA742}.Debug|iPhoneSimulator.ActiveCfg = Debug|Any CPU
		{B3020FAF-6A0C-489D-9382-5A607E6BA742}.Debug|iPhoneSimulator.Build.0 = Debug|Any CPU
		{B3020FAF-6A0C-489D-9382-5A607E6BA742}.Release|Any CPU.ActiveCfg = Release|Any CPU
		{B3020FAF-6A0C-489D-9382-5A607E6BA742}.Release|Any CPU.Build.0 = Release|Any CPU
		{B3020FAF-6A0C-489D-9382-5A607E6BA742}.Release|iPhone.ActiveCfg = Release|Any CPU
		{B3020FAF-6A0C-489D-9382-5A607E6BA742}.Release|iPhone.Build.0 = Release|Any CPU
		{B3020FAF-6A0C-489D-9382-5A607E6BA742}.Release|iPhoneSimulator.ActiveCfg = Release|Any CPU
		{B3020FAF-6A0C-489D-9382-5A607E6BA742}.Release|iPhoneSimulator.Build.0 = Release|Any CPU
		{8DCAA0F3-27FC-4E28-8572-2FC24D7B6A53}.Debug|Any CPU.ActiveCfg = Debug|Any CPU
		{8DCAA0F3-27FC-4E28-8572-2FC24D7B6A53}.Debug|Any CPU.Build.0 = Debug|Any CPU
		{8DCAA0F3-27FC-4E28-8572-2FC24D7B6A53}.Debug|iPhone.ActiveCfg = Debug|Any CPU
		{8DCAA0F3-27FC-4E28-8572-2FC24D7B6A53}.Debug|iPhone.Build.0 = Debug|Any CPU
		{8DCAA0F3-27FC-4E28-8572-2FC24D7B6A53}.Debug|iPhoneSimulator.ActiveCfg = Debug|Any CPU
		{8DCAA0F3-27FC-4E28-8572-2FC24D7B6A53}.Debug|iPhoneSimulator.Build.0 = Debug|Any CPU
		{8DCAA0F3-27FC-4E28-8572-2FC24D7B6A53}.Release|Any CPU.ActiveCfg = Release|Any CPU
		{8DCAA0F3-27FC-4E28-8572-2FC24D7B6A53}.Release|Any CPU.Build.0 = Release|Any CPU
		{8DCAA0F3-27FC-4E28-8572-2FC24D7B6A53}.Release|iPhone.ActiveCfg = Release|Any CPU
		{8DCAA0F3-27FC-4E28-8572-2FC24D7B6A53}.Release|iPhone.Build.0 = Release|Any CPU
		{8DCAA0F3-27FC-4E28-8572-2FC24D7B6A53}.Release|iPhoneSimulator.ActiveCfg = Release|Any CPU
		{8DCAA0F3-27FC-4E28-8572-2FC24D7B6A53}.Release|iPhoneSimulator.Build.0 = Release|Any CPU
		{A3D5B239-64BA-466D-BD8D-A99710012ADB}.Debug|Any CPU.ActiveCfg = Debug|Any CPU
		{A3D5B239-64BA-466D-BD8D-A99710012ADB}.Debug|Any CPU.Build.0 = Debug|Any CPU
		{A3D5B239-64BA-466D-BD8D-A99710012ADB}.Debug|iPhone.ActiveCfg = Debug|Any CPU
		{A3D5B239-64BA-466D-BD8D-A99710012ADB}.Debug|iPhone.Build.0 = Debug|Any CPU
		{A3D5B239-64BA-466D-BD8D-A99710012ADB}.Debug|iPhoneSimulator.ActiveCfg = Debug|Any CPU
		{A3D5B239-64BA-466D-BD8D-A99710012ADB}.Debug|iPhoneSimulator.Build.0 = Debug|Any CPU
		{A3D5B239-64BA-466D-BD8D-A99710012ADB}.Release|Any CPU.ActiveCfg = Release|Any CPU
		{A3D5B239-64BA-466D-BD8D-A99710012ADB}.Release|Any CPU.Build.0 = Release|Any CPU
		{A3D5B239-64BA-466D-BD8D-A99710012ADB}.Release|iPhone.ActiveCfg = Release|Any CPU
		{A3D5B239-64BA-466D-BD8D-A99710012ADB}.Release|iPhone.Build.0 = Release|Any CPU
		{A3D5B239-64BA-466D-BD8D-A99710012ADB}.Release|iPhoneSimulator.ActiveCfg = Release|Any CPU
		{A3D5B239-64BA-466D-BD8D-A99710012ADB}.Release|iPhoneSimulator.Build.0 = Release|Any CPU
		{E0802189-4D47-4BC5-89BA-A67C93E7CFE2}.Debug|Any CPU.ActiveCfg = Debug|Any CPU
		{E0802189-4D47-4BC5-89BA-A67C93E7CFE2}.Debug|Any CPU.Build.0 = Debug|Any CPU
		{E0802189-4D47-4BC5-89BA-A67C93E7CFE2}.Debug|iPhone.ActiveCfg = Debug|Any CPU
		{E0802189-4D47-4BC5-89BA-A67C93E7CFE2}.Debug|iPhone.Build.0 = Debug|Any CPU
		{E0802189-4D47-4BC5-89BA-A67C93E7CFE2}.Debug|iPhoneSimulator.ActiveCfg = Debug|Any CPU
		{E0802189-4D47-4BC5-89BA-A67C93E7CFE2}.Debug|iPhoneSimulator.Build.0 = Debug|Any CPU
		{E0802189-4D47-4BC5-89BA-A67C93E7CFE2}.Release|Any CPU.ActiveCfg = Release|Any CPU
		{E0802189-4D47-4BC5-89BA-A67C93E7CFE2}.Release|Any CPU.Build.0 = Release|Any CPU
		{E0802189-4D47-4BC5-89BA-A67C93E7CFE2}.Release|iPhone.ActiveCfg = Release|Any CPU
		{E0802189-4D47-4BC5-89BA-A67C93E7CFE2}.Release|iPhone.Build.0 = Release|Any CPU
		{E0802189-4D47-4BC5-89BA-A67C93E7CFE2}.Release|iPhoneSimulator.ActiveCfg = Release|Any CPU
		{E0802189-4D47-4BC5-89BA-A67C93E7CFE2}.Release|iPhoneSimulator.Build.0 = Release|Any CPU
	EndGlobalSection
	GlobalSection(SolutionProperties) = preSolution
		HideSolutionNode = FALSE
	EndGlobalSection
	GlobalSection(NestedProjects) = preSolution
		{D0E1D70F-0053-40A2-9662-D812A0C5F345} = {275B961A-B771-4C72-82A8-139EA1987CAE}
		{5A4B66DF-7310-46C3-B755-D41A41F08A7E} = {44FD1D2C-2B33-4770-B48D-921BA3B9166B}
		{3708CF06-714B-40C4-BA4F-FD6A97C170FC} = {44FD1D2C-2B33-4770-B48D-921BA3B9166B}
		{12A00DDF-C15A-4F3C-8DFF-194CC713C8C8} = {3F0B1C04-AD6C-4862-B740-E2A33C9455EC}
		{100F24DE-7518-4D16-9398-48E44C540133} = {E05E813A-4A10-4C6B-B76A-CBD5AF47CD1E}
		{F6B8BB3C-81F8-4920-A3E2-1787A25E3336} = {E05E813A-4A10-4C6B-B76A-CBD5AF47CD1E}
		{11F8E72A-957A-47F9-87F9-895559B9F250} = {E05E813A-4A10-4C6B-B76A-CBD5AF47CD1E}
		{B7D57AFD-E5DD-4737-8AB6-E4F5916DC358} = {E05E813A-4A10-4C6B-B76A-CBD5AF47CD1E}
		{275B961A-B771-4C72-82A8-139EA1987CAE} = {E05E813A-4A10-4C6B-B76A-CBD5AF47CD1E}
		{14E2B5B0-18E7-40EF-9D0D-4A4D585EC009} = {44FD1D2C-2B33-4770-B48D-921BA3B9166B}
		{10380352-D23E-4969-B731-DFFADD577B2B} = {44FD1D2C-2B33-4770-B48D-921BA3B9166B}
		{DBAEFB66-9FAB-491B-A65A-6586A509A6C4} = {6C011AB5-C78D-4318-AD4B-729871D7AECC}
		{1F5D97B1-1772-4BD7-BD83-0D7DDA13E0B5} = {6C011AB5-C78D-4318-AD4B-729871D7AECC}
		{7870D078-AA4B-4941-B41C-81A643AA0DDA} = {6C011AB5-C78D-4318-AD4B-729871D7AECC}
		{F8DB73F0-93F0-4C79-A5C5-EFC4F16DDDBE} = {6C011AB5-C78D-4318-AD4B-729871D7AECC}
		{CDFE628E-F284-4874-811B-C469345766C0} = {E05E813A-4A10-4C6B-B76A-CBD5AF47CD1E}
		{C848122E-BD0C-4991-BD5F-1A5F16303F8D} = {44FD1D2C-2B33-4770-B48D-921BA3B9166B}
		{137CF6D2-745E-471A-B187-3FDCCA289251} = {E05E813A-4A10-4C6B-B76A-CBD5AF47CD1E}
		{1DAAD28F-5E1B-4544-9B11-183ED9FFD19D} = {559DEA43-19E9-4229-9FDE-48B480950363}
		{FD651AB0-952E-4E97-B9B8-35224087441B} = {559DEA43-19E9-4229-9FDE-48B480950363}
		{2EC1AC32-23BE-489B-8E71-7C81F7A0DCB7} = {559DEA43-19E9-4229-9FDE-48B480950363}
		{C2DFDB67-5284-4E1A-89F0-B4D38EAB270F} = {44FD1D2C-2B33-4770-B48D-921BA3B9166B}
		{794D5C4D-2D16-44BE-B464-DE9F463DDEA7} = {44FD1D2C-2B33-4770-B48D-921BA3B9166B}
		{6C011AB5-C78D-4318-AD4B-729871D7AECC} = {44FD1D2C-2B33-4770-B48D-921BA3B9166B}
		{C06E9464-F54C-4024-8E56-2FF322CC77CA} = {44FD1D2C-2B33-4770-B48D-921BA3B9166B}
		{3CBDE1C8-66AE-4CDE-BE9F-56B46332B079} = {44FD1D2C-2B33-4770-B48D-921BA3B9166B}
		{BE9E5FAF-A1FD-4809-A4E4-B1809CB3BD8A} = {44FD1D2C-2B33-4770-B48D-921BA3B9166B}
		{87E8FA28-EF4D-4D13-B178-C696E9F14D28} = {E05E813A-4A10-4C6B-B76A-CBD5AF47CD1E}
		{998A5BA9-197A-4759-B0F8-B8FF0338B05F} = {E05E813A-4A10-4C6B-B76A-CBD5AF47CD1E}
		{B3020FAF-6A0C-489D-9382-5A607E6BA742} = {998A5BA9-197A-4759-B0F8-B8FF0338B05F}
		{3F0B1C04-AD6C-4862-B740-E2A33C9455EC} = {E05E813A-4A10-4C6B-B76A-CBD5AF47CD1E}
		{8DCAA0F3-27FC-4E28-8572-2FC24D7B6A53} = {998A5BA9-197A-4759-B0F8-B8FF0338B05F}
		{A3D5B239-64BA-466D-BD8D-A99710012ADB} = {998A5BA9-197A-4759-B0F8-B8FF0338B05F}
		{E0802189-4D47-4BC5-89BA-A67C93E7CFE2} = {998A5BA9-197A-4759-B0F8-B8FF0338B05F}
	EndGlobalSection
	GlobalSection(ExtensibilityGlobals) = postSolution
		SolutionGuid = {F235D99E-240F-49B6-9348-EA610E1883A9}
	EndGlobalSection
EndGlobal
