
Microsoft Visual Studio Solution File, Format Version 12.00
# Visual Studio Version 16
VisualStudioVersion = 16.0.28407.52
MinimumVisualStudioVersion = 10.0.40219.1
Project("{FAE04EC0-301F-11D3-BF4B-00C04F79EFBC}") = "Butterfly.Windows.Server", "Butterfly.Windows.Server\Butterfly.Windows.Server.csproj", "{D0E1D70F-0053-40A2-9662-D812A0C5F345}"
EndProject
Project("{9A19103F-16F7-4668-BE54-9A1E7A4F7556}") = "Butterfly.MultiPlatform.Models", "Butterfly.Models\Butterfly.MultiPlatform.Models.csproj", "{5A4B66DF-7310-46C3-B755-D41A41F08A7E}"
EndProject
Project("{9A19103F-16F7-4668-BE54-9A1E7A4F7556}") = "Butterfly.MultiPlatform.Interfaces", "Butterfly.Interfaces\Butterfly.MultiPlatform.Interfaces.csproj", "{3708CF06-714B-40C4-BA4F-FD6A97C170FC}"
EndProject
Project("{FAE04EC0-301F-11D3-BF4B-00C04F79EFBC}") = "Butterfly.Windows.Server.Core", "Butterfly.Windows.Server.Core\Butterfly.Windows.Server.Core.csproj", "{12A00DDF-C15A-4F3C-8DFF-194CC713C8C8}"
EndProject
Project("{FAE04EC0-301F-11D3-BF4B-00C04F79EFBC}") = "Butterfly.Windows.Data", "Butterfly.Windows.Data\Butterfly.Windows.Data.csproj", "{100F24DE-7518-4D16-9398-48E44C540133}"
EndProject
Project("{FAE04EC0-301F-11D3-BF4B-00C04F79EFBC}") = "Butterfly.Windows.Services", "Butterfly.Windows.Services\Butterfly.Windows.Services.csproj", "{F6B8BB3C-81F8-4920-A3E2-1787A25E3336}"
EndProject
Project("{FAE04EC0-301F-11D3-BF4B-00C04F79EFBC}") = "Butterfly.Windows.Repositories", "Butterfly.Windows.Repositories\Butterfly.Windows.Repositories.csproj", "{11F8E72A-957A-47F9-87F9-895559B9F250}"
EndProject
Project("{FAE04EC0-301F-11D3-BF4B-00C04F79EFBC}") = "Butterfly.Windows.Maps", "Butterfly.Windows.Maps\Butterfly.Windows.Maps.csproj", "{B7D57AFD-E5DD-4737-8AB6-E4F5916DC358}"
EndProject
Project("{2150E333-8FDC-42A3-9474-1A3956D46DE8}") = "Windows", "Windows", "{E05E813A-4A10-4C6B-B76A-CBD5AF47CD1E}"
EndProject
Project("{2150E333-8FDC-42A3-9474-1A3956D46DE8}") = "ServicesProccess", "ServicesProccess", "{275B961A-B771-4C72-82A8-139EA1987CAE}"
EndProject
Project("{2150E333-8FDC-42A3-9474-1A3956D46DE8}") = "Multplatform", "Multplatform", "{44FD1D2C-2B33-4770-B48D-921BA3B9166B}"
EndProject
Project("{9A19103F-16F7-4668-BE54-9A1E7A4F7556}") = "Butterfly.MultiPlatform.ViewModels", "Butterfly.ViewModels\Butterfly.MultiPlatform.ViewModels.csproj", "{14E2B5B0-18E7-40EF-9D0D-4A4D585EC009}"
EndProject
Project("{9A19103F-16F7-4668-BE54-9A1E7A4F7556}") = "Butterfly.MultiPlatform.Common", "Butterfly.MultiPlatform.Common\Butterfly.MultiPlatform.Common.csproj", "{10380352-D23E-4969-B731-DFFADD577B2B}"
EndProject
Project("{9A19103F-16F7-4668-BE54-9A1E7A4F7556}") = "Networker", "Networker\Networker.csproj", "{DBAEFB66-9FAB-491B-A65A-6586A509A6C4}"
EndProject
Project("{9A19103F-16F7-4668-BE54-9A1E7A4F7556}") = "Networker.Pipelines", "Networker.Pipelines\Networker.Pipelines.csproj", "{1F5D97B1-1772-4BD7-BD83-0D7DDA13E0B5}"
EndProject
Project("{9A19103F-16F7-4668-BE54-9A1E7A4F7556}") = "Networker.Formatter.ZeroFormatter", "Networker.ZeroFormatter\Networker.Formatter.ZeroFormatter.csproj", "{7870D078-AA4B-4941-B41C-81A643AA0DDA}"
EndProject
Project("{9A19103F-16F7-4668-BE54-9A1E7A4F7556}") = "Networker.Formatter.ProtobufNet", "Networker.Formatter.ProtobufNet\Networker.Formatter.ProtobufNet.csproj", "{F8DB73F0-93F0-4C79-A5C5-EFC4F16DDDBE}"
EndProject
Project("{FAE04EC0-301F-11D3-BF4B-00C04F79EFBC}") = "Butterfly.Windows.Server.Handlers", "Butterfly.Windows.Server.Handlers\Butterfly.Windows.Server.Handlers.csproj", "{CDFE628E-F284-4874-811B-C469345766C0}"
EndProject
Project("{9A19103F-16F7-4668-BE54-9A1E7A4F7556}") = "Butterfly.MultiPlatform.Packets", "Butterfly.MultiPlatform.Packets\Butterfly.MultiPlatform.Packets.csproj", "{C848122E-BD0C-4991-BD5F-1A5F16303F8D}"
EndProject
Project("{FAE04EC0-301F-11D3-BF4B-00C04F79EFBC}") = "Butterfly.Windows.Modules", "Butterfly.Windows.Modules\Butterfly.Windows.Modules.csproj", "{137CF6D2-745E-471A-B187-3FDCCA289251}"
EndProject
Global
	GlobalSection(SolutionConfigurationPlatforms) = preSolution
		Debug|Any CPU = Debug|Any CPU
		Release|Any CPU = Release|Any CPU
	EndGlobalSection
	GlobalSection(ProjectConfigurationPlatforms) = postSolution
		{D0E1D70F-0053-40A2-9662-D812A0C5F345}.Debug|Any CPU.ActiveCfg = Debug|Any CPU
		{D0E1D70F-0053-40A2-9662-D812A0C5F345}.Debug|Any CPU.Build.0 = Debug|Any CPU
		{D0E1D70F-0053-40A2-9662-D812A0C5F345}.Release|Any CPU.ActiveCfg = Release|Any CPU
		{D0E1D70F-0053-40A2-9662-D812A0C5F345}.Release|Any CPU.Build.0 = Release|Any CPU
		{5A4B66DF-7310-46C3-B755-D41A41F08A7E}.Debug|Any CPU.ActiveCfg = Debug|Any CPU
		{5A4B66DF-7310-46C3-B755-D41A41F08A7E}.Debug|Any CPU.Build.0 = Debug|Any CPU
		{5A4B66DF-7310-46C3-B755-D41A41F08A7E}.Release|Any CPU.ActiveCfg = Release|Any CPU
		{5A4B66DF-7310-46C3-B755-D41A41F08A7E}.Release|Any CPU.Build.0 = Release|Any CPU
		{3708CF06-714B-40C4-BA4F-FD6A97C170FC}.Debug|Any CPU.ActiveCfg = Debug|Any CPU
		{3708CF06-714B-40C4-BA4F-FD6A97C170FC}.Debug|Any CPU.Build.0 = Debug|Any CPU
		{3708CF06-714B-40C4-BA4F-FD6A97C170FC}.Release|Any CPU.ActiveCfg = Release|Any CPU
		{3708CF06-714B-40C4-BA4F-FD6A97C170FC}.Release|Any CPU.Build.0 = Release|Any CPU
		{12A00DDF-C15A-4F3C-8DFF-194CC713C8C8}.Debug|Any CPU.ActiveCfg = Debug|Any CPU
		{12A00DDF-C15A-4F3C-8DFF-194CC713C8C8}.Debug|Any CPU.Build.0 = Debug|Any CPU
		{12A00DDF-C15A-4F3C-8DFF-194CC713C8C8}.Release|Any CPU.ActiveCfg = Release|Any CPU
		{12A00DDF-C15A-4F3C-8DFF-194CC713C8C8}.Release|Any CPU.Build.0 = Release|Any CPU
		{100F24DE-7518-4D16-9398-48E44C540133}.Debug|Any CPU.ActiveCfg = Debug|Any CPU
		{100F24DE-7518-4D16-9398-48E44C540133}.Debug|Any CPU.Build.0 = Debug|Any CPU
		{100F24DE-7518-4D16-9398-48E44C540133}.Release|Any CPU.ActiveCfg = Release|Any CPU
		{100F24DE-7518-4D16-9398-48E44C540133}.Release|Any CPU.Build.0 = Release|Any CPU
		{F6B8BB3C-81F8-4920-A3E2-1787A25E3336}.Debug|Any CPU.ActiveCfg = Debug|Any CPU
		{F6B8BB3C-81F8-4920-A3E2-1787A25E3336}.Debug|Any CPU.Build.0 = Debug|Any CPU
		{F6B8BB3C-81F8-4920-A3E2-1787A25E3336}.Release|Any CPU.ActiveCfg = Release|Any CPU
		{F6B8BB3C-81F8-4920-A3E2-1787A25E3336}.Release|Any CPU.Build.0 = Release|Any CPU
		{11F8E72A-957A-47F9-87F9-895559B9F250}.Debug|Any CPU.ActiveCfg = Debug|Any CPU
		{11F8E72A-957A-47F9-87F9-895559B9F250}.Debug|Any CPU.Build.0 = Debug|Any CPU
		{11F8E72A-957A-47F9-87F9-895559B9F250}.Release|Any CPU.ActiveCfg = Release|Any CPU
		{11F8E72A-957A-47F9-87F9-895559B9F250}.Release|Any CPU.Build.0 = Release|Any CPU
		{B7D57AFD-E5DD-4737-8AB6-E4F5916DC358}.Debug|Any CPU.ActiveCfg = Debug|Any CPU
		{B7D57AFD-E5DD-4737-8AB6-E4F5916DC358}.Debug|Any CPU.Build.0 = Debug|Any CPU
		{B7D57AFD-E5DD-4737-8AB6-E4F5916DC358}.Release|Any CPU.ActiveCfg = Release|Any CPU
		{B7D57AFD-E5DD-4737-8AB6-E4F5916DC358}.Release|Any CPU.Build.0 = Release|Any CPU
		{14E2B5B0-18E7-40EF-9D0D-4A4D585EC009}.Debug|Any CPU.ActiveCfg = Debug|Any CPU
		{14E2B5B0-18E7-40EF-9D0D-4A4D585EC009}.Debug|Any CPU.Build.0 = Debug|Any CPU
		{14E2B5B0-18E7-40EF-9D0D-4A4D585EC009}.Release|Any CPU.ActiveCfg = Release|Any CPU
		{14E2B5B0-18E7-40EF-9D0D-4A4D585EC009}.Release|Any CPU.Build.0 = Release|Any CPU
		{10380352-D23E-4969-B731-DFFADD577B2B}.Debug|Any CPU.ActiveCfg = Debug|Any CPU
		{10380352-D23E-4969-B731-DFFADD577B2B}.Debug|Any CPU.Build.0 = Debug|Any CPU
		{10380352-D23E-4969-B731-DFFADD577B2B}.Release|Any CPU.ActiveCfg = Release|Any CPU
		{10380352-D23E-4969-B731-DFFADD577B2B}.Release|Any CPU.Build.0 = Release|Any CPU
		{DBAEFB66-9FAB-491B-A65A-6586A509A6C4}.Debug|Any CPU.ActiveCfg = Debug|Any CPU
		{DBAEFB66-9FAB-491B-A65A-6586A509A6C4}.Debug|Any CPU.Build.0 = Debug|Any CPU
		{DBAEFB66-9FAB-491B-A65A-6586A509A6C4}.Release|Any CPU.ActiveCfg = Release|Any CPU
		{DBAEFB66-9FAB-491B-A65A-6586A509A6C4}.Release|Any CPU.Build.0 = Release|Any CPU
		{1F5D97B1-1772-4BD7-BD83-0D7DDA13E0B5}.Debug|Any CPU.ActiveCfg = Debug|Any CPU
		{1F5D97B1-1772-4BD7-BD83-0D7DDA13E0B5}.Debug|Any CPU.Build.0 = Debug|Any CPU
		{1F5D97B1-1772-4BD7-BD83-0D7DDA13E0B5}.Release|Any CPU.ActiveCfg = Release|Any CPU
		{1F5D97B1-1772-4BD7-BD83-0D7DDA13E0B5}.Release|Any CPU.Build.0 = Release|Any CPU
		{7870D078-AA4B-4941-B41C-81A643AA0DDA}.Debug|Any CPU.ActiveCfg = Debug|Any CPU
		{7870D078-AA4B-4941-B41C-81A643AA0DDA}.Debug|Any CPU.Build.0 = Debug|Any CPU
		{7870D078-AA4B-4941-B41C-81A643AA0DDA}.Release|Any CPU.ActiveCfg = Release|Any CPU
		{7870D078-AA4B-4941-B41C-81A643AA0DDA}.Release|Any CPU.Build.0 = Release|Any CPU
		{F8DB73F0-93F0-4C79-A5C5-EFC4F16DDDBE}.Debug|Any CPU.ActiveCfg = Debug|Any CPU
		{F8DB73F0-93F0-4C79-A5C5-EFC4F16DDDBE}.Debug|Any CPU.Build.0 = Debug|Any CPU
		{F8DB73F0-93F0-4C79-A5C5-EFC4F16DDDBE}.Release|Any CPU.ActiveCfg = Release|Any CPU
		{F8DB73F0-93F0-4C79-A5C5-EFC4F16DDDBE}.Release|Any CPU.Build.0 = Release|Any CPU
		{CDFE628E-F284-4874-811B-C469345766C0}.Debug|Any CPU.ActiveCfg = Debug|Any CPU
		{CDFE628E-F284-4874-811B-C469345766C0}.Debug|Any CPU.Build.0 = Debug|Any CPU
		{CDFE628E-F284-4874-811B-C469345766C0}.Release|Any CPU.ActiveCfg = Release|Any CPU
		{CDFE628E-F284-4874-811B-C469345766C0}.Release|Any CPU.Build.0 = Release|Any CPU
		{C848122E-BD0C-4991-BD5F-1A5F16303F8D}.Debug|Any CPU.ActiveCfg = Debug|Any CPU
		{C848122E-BD0C-4991-BD5F-1A5F16303F8D}.Debug|Any CPU.Build.0 = Debug|Any CPU
		{C848122E-BD0C-4991-BD5F-1A5F16303F8D}.Release|Any CPU.ActiveCfg = Release|Any CPU
		{C848122E-BD0C-4991-BD5F-1A5F16303F8D}.Release|Any CPU.Build.0 = Release|Any CPU
		{137CF6D2-745E-471A-B187-3FDCCA289251}.Debug|Any CPU.ActiveCfg = Debug|Any CPU
		{137CF6D2-745E-471A-B187-3FDCCA289251}.Debug|Any CPU.Build.0 = Debug|Any CPU
		{137CF6D2-745E-471A-B187-3FDCCA289251}.Release|Any CPU.ActiveCfg = Release|Any CPU
		{137CF6D2-745E-471A-B187-3FDCCA289251}.Release|Any CPU.Build.0 = Release|Any CPU
	EndGlobalSection
	GlobalSection(SolutionProperties) = preSolution
		HideSolutionNode = FALSE
	EndGlobalSection
	GlobalSection(NestedProjects) = preSolution
		{D0E1D70F-0053-40A2-9662-D812A0C5F345} = {275B961A-B771-4C72-82A8-139EA1987CAE}
		{5A4B66DF-7310-46C3-B755-D41A41F08A7E} = {44FD1D2C-2B33-4770-B48D-921BA3B9166B}
		{3708CF06-714B-40C4-BA4F-FD6A97C170FC} = {44FD1D2C-2B33-4770-B48D-921BA3B9166B}
		{12A00DDF-C15A-4F3C-8DFF-194CC713C8C8} = {E05E813A-4A10-4C6B-B76A-CBD5AF47CD1E}
		{100F24DE-7518-4D16-9398-48E44C540133} = {E05E813A-4A10-4C6B-B76A-CBD5AF47CD1E}
		{F6B8BB3C-81F8-4920-A3E2-1787A25E3336} = {E05E813A-4A10-4C6B-B76A-CBD5AF47CD1E}
		{11F8E72A-957A-47F9-87F9-895559B9F250} = {E05E813A-4A10-4C6B-B76A-CBD5AF47CD1E}
		{B7D57AFD-E5DD-4737-8AB6-E4F5916DC358} = {E05E813A-4A10-4C6B-B76A-CBD5AF47CD1E}
		{275B961A-B771-4C72-82A8-139EA1987CAE} = {E05E813A-4A10-4C6B-B76A-CBD5AF47CD1E}
		{14E2B5B0-18E7-40EF-9D0D-4A4D585EC009} = {44FD1D2C-2B33-4770-B48D-921BA3B9166B}
		{10380352-D23E-4969-B731-DFFADD577B2B} = {44FD1D2C-2B33-4770-B48D-921BA3B9166B}
		{DBAEFB66-9FAB-491B-A65A-6586A509A6C4} = {44FD1D2C-2B33-4770-B48D-921BA3B9166B}
		{1F5D97B1-1772-4BD7-BD83-0D7DDA13E0B5} = {44FD1D2C-2B33-4770-B48D-921BA3B9166B}
		{7870D078-AA4B-4941-B41C-81A643AA0DDA} = {44FD1D2C-2B33-4770-B48D-921BA3B9166B}
		{F8DB73F0-93F0-4C79-A5C5-EFC4F16DDDBE} = {44FD1D2C-2B33-4770-B48D-921BA3B9166B}
		{CDFE628E-F284-4874-811B-C469345766C0} = {E05E813A-4A10-4C6B-B76A-CBD5AF47CD1E}
		{C848122E-BD0C-4991-BD5F-1A5F16303F8D} = {44FD1D2C-2B33-4770-B48D-921BA3B9166B}
		{137CF6D2-745E-471A-B187-3FDCCA289251} = {E05E813A-4A10-4C6B-B76A-CBD5AF47CD1E}
	EndGlobalSection
	GlobalSection(ExtensibilityGlobals) = postSolution
		SolutionGuid = {F235D99E-240F-49B6-9348-EA610E1883A9}
	EndGlobalSection
EndGlobal
